<?xml version="1.0" encoding="utf-8"?>
<Project ToolsVersion="4.0" xmlns="http://schemas.microsoft.com/developer/msbuild/2003">
  <ItemGroup>
    <Filter Include="Source Files">
      <UniqueIdentifier>{4FC737F1-C7A5-4376-A066-2A32D752A2FF}</UniqueIdentifier>
      <Extensions>cpp;c;cc;cxx;def;odl;idl;hpj;bat;asm;asmx</Extensions>
    </Filter>
    <Filter Include="Header Files">
      <UniqueIdentifier>{93995380-89BD-4b04-88EB-625FBE52EBFB}</UniqueIdentifier>
      <Extensions>h;hh;hpp;hxx;hm;inl;inc;xsd</Extensions>
    </Filter>
    <Filter Include="Resource Files">
      <UniqueIdentifier>{67DA6AB6-F800-4c08-8B7A-83BB121AAD01}</UniqueIdentifier>
      <Extensions>rc;ico;cur;bmp;dlg;rc2;rct;bin;rgs;gif;jpg;jpeg;jpe;resx;tiff;tif;png;wav</Extensions>
    </Filter>
    <Filter Include="Snes">
      <UniqueIdentifier>{e1763dbc-4fb3-417f-ad1a-8436411c3b7a}</UniqueIdentifier>
    </Filter>
    <Filter Include="Shader">
      <UniqueIdentifier>{2b72ed96-9194-4c2c-b1e5-15445f0a9550}</UniqueIdentifier>
    </Filter>
  </ItemGroup>
  <ItemGroup>
    <ClCompile Include="main.c">
      <Filter>Source Files</Filter>
    </ClCompile>
    <ClCompile Include="sm_cpu_infra.c">
      <Filter>Source Files</Filter>
    </ClCompile>
    <ClCompile Include="sm_rtl.c">
      <Filter>Source Files</Filter>
    </ClCompile>
    <ClCompile Include="sm_80.c">
      <Filter>Source Files</Filter>
    </ClCompile>
    <ClCompile Include="sm_81.c">
      <Filter>Source Files</Filter>
    </ClCompile>
    <ClCompile Include="sm_82.c">
      <Filter>Source Files</Filter>
    </ClCompile>
    <ClCompile Include="sm_84.c">
      <Filter>Source Files</Filter>
    </ClCompile>
    <ClCompile Include="sm_85.c">
      <Filter>Source Files</Filter>
    </ClCompile>
    <ClCompile Include="sm_86.c">
      <Filter>Source Files</Filter>
    </ClCompile>
    <ClCompile Include="sm_87.c">
      <Filter>Source Files</Filter>
    </ClCompile>
    <ClCompile Include="sm_88.c">
      <Filter>Source Files</Filter>
    </ClCompile>
    <ClCompile Include="sm_89.c">
      <Filter>Source Files</Filter>
    </ClCompile>
    <ClCompile Include="sm_8b.c">
      <Filter>Source Files</Filter>
    </ClCompile>
    <ClCompile Include="sm_8d.c">
      <Filter>Source Files</Filter>
    </ClCompile>
    <ClCompile Include="sm_8f.c">
      <Filter>Source Files</Filter>
    </ClCompile>
    <ClCompile Include="sm_90.c">
      <Filter>Source Files</Filter>
    </ClCompile>
    <ClCompile Include="sm_91.c">
      <Filter>Source Files</Filter>
    </ClCompile>
    <ClCompile Include="sm_92.c">
      <Filter>Source Files</Filter>
    </ClCompile>
    <ClCompile Include="sm_93.c">
      <Filter>Source Files</Filter>
    </ClCompile>
    <ClCompile Include="sm_94.c">
      <Filter>Source Files</Filter>
    </ClCompile>
    <ClCompile Include="sm_9b.c">
      <Filter>Source Files</Filter>
    </ClCompile>
    <ClCompile Include="sm_a0.c">
      <Filter>Source Files</Filter>
    </ClCompile>
    <ClCompile Include="sm_a2.c">
      <Filter>Source Files</Filter>
    </ClCompile>
    <ClCompile Include="sm_a3.c">
      <Filter>Source Files</Filter>
    </ClCompile>
    <ClCompile Include="sm_a4.c">
      <Filter>Source Files</Filter>
    </ClCompile>
    <ClCompile Include="sm_a5.c">
      <Filter>Source Files</Filter>
    </ClCompile>
    <ClCompile Include="sm_a6.c">
      <Filter>Source Files</Filter>
    </ClCompile>
    <ClCompile Include="sm_a7.c">
      <Filter>Source Files</Filter>
    </ClCompile>
    <ClCompile Include="sm_a8.c">
      <Filter>Source Files</Filter>
    </ClCompile>
    <ClCompile Include="sm_a9.c">
      <Filter>Source Files</Filter>
    </ClCompile>
    <ClCompile Include="sm_aa.c">
      <Filter>Source Files</Filter>
    </ClCompile>
    <ClCompile Include="sm_ad.c">
      <Filter>Source Files</Filter>
    </ClCompile>
    <ClCompile Include="sm_b2.c">
      <Filter>Source Files</Filter>
    </ClCompile>
    <ClCompile Include="sm_b3.c">
      <Filter>Source Files</Filter>
    </ClCompile>
    <ClCompile Include="sm_b4.c">
      <Filter>Source Files</Filter>
    </ClCompile>
    <ClCompile Include="spc_player.c">
      <Filter>Source Files</Filter>
    </ClCompile>
    <ClCompile Include="config.c">
      <Filter>Source Files</Filter>
    </ClCompile>
    <ClCompile Include="util.c">
      <Filter>Source Files</Filter>
    </ClCompile>
    <ClCompile Include="platform\win32\volume_control.c">
      <Filter>Source Files</Filter>
    </ClCompile>
    <ClCompile Include="snes\apu.c">
      <Filter>Snes</Filter>
    </ClCompile>
    <ClCompile Include="snes\cart.c">
      <Filter>Snes</Filter>
    </ClCompile>
    <ClCompile Include="snes\cpu.c">
      <Filter>Snes</Filter>
    </ClCompile>
    <ClCompile Include="snes\dma.c">
      <Filter>Snes</Filter>
    </ClCompile>
    <ClCompile Include="snes\dsp.c">
      <Filter>Snes</Filter>
    </ClCompile>
    <ClCompile Include="snes\input.c">
      <Filter>Snes</Filter>
    </ClCompile>
    <ClCompile Include="snes\ppu.c">
      <Filter>Snes</Filter>
    </ClCompile>
    <ClCompile Include="snes\snes.c">
      <Filter>Snes</Filter>
    </ClCompile>
    <ClCompile Include="snes\snes_other.c">
      <Filter>Snes</Filter>
    </ClCompile>
    <ClCompile Include="snes\spc.c">
      <Filter>Snes</Filter>
    </ClCompile>
    <ClCompile Include="tracing.c">
      <Filter>Snes</Filter>
    </ClCompile>
    <ClCompile Include="glsl_shader.c">
      <Filter>Shader</Filter>
    </ClCompile>
    <ClCompile Include="opengl.c">
      <Filter>Shader</Filter>
    </ClCompile>
    <ClCompile Include="..\third_party\gl_core\gl_core_3_1.c">
      <Filter>Shader</Filter>
    </ClCompile>
  </ItemGroup>
  <ItemGroup>
    <ClInclude Include="sm_cpu_infra.h">
      <Filter>Source Files</Filter>
    </ClInclude>
    <ClInclude Include="types.h">
      <Filter>Source Files</Filter>
    </ClInclude>
    <ClInclude Include="funcs.h">
      <Filter>Source Files</Filter>
    </ClInclude>
    <ClInclude Include="variables.h">
      <Filter>Source Files</Filter>
    </ClInclude>
    <ClInclude Include="ida_types.h">
      <Filter>Source Files</Filter>
    </ClInclude>
    <ClInclude Include="variables_extra.h">
      <Filter>Source Files</Filter>
    </ClInclude>
    <ClInclude Include="sm_rtl.h">
      <Filter>Source Files</Filter>
    </ClInclude>
    <ClInclude Include="spc_player.h">
      <Filter>Source Files</Filter>
    </ClInclude>
    <ClInclude Include="config.h">
      <Filter>Source Files</Filter>
    </ClInclude>
    <ClInclude Include="features.h">
      <Filter>Header Files</Filter>
    </ClInclude>
    <ClInclude Include="util.h">
      <Filter>Header Files</Filter>
    </ClInclude>
    <ClInclude Include="enemy_defs.h">
      <Filter>Header Files</Filter>
    </ClInclude>
    <ClInclude Include="enemy_types.h">
      <Filter>Header Files</Filter>
    </ClInclude>
    <ClInclude Include="snes\apu.h">
      <Filter>Snes</Filter>
    </ClInclude>
    <ClInclude Include="snes\cart.h">
      <Filter>Snes</Filter>
    </ClInclude>
    <ClInclude Include="snes\cpu.h">
      <Filter>Snes</Filter>
    </ClInclude>
    <ClInclude Include="snes\dma.h">
      <Filter>Snes</Filter>
    </ClInclude>
    <ClInclude Include="snes\dsp.h">
      <Filter>Snes</Filter>
    </ClInclude>
    <ClInclude Include="snes\dsp_regs.h">
      <Filter>Snes</Filter>
    </ClInclude>
    <ClInclude Include="snes\input.h">
      <Filter>Snes</Filter>
    </ClInclude>
    <ClInclude Include="snes\ppu.h">
      <Filter>Snes</Filter>
    </ClInclude>
    <ClInclude Include="snes\snes.h">
      <Filter>Snes</Filter>
    </ClInclude>
    <ClInclude Include="snes\spc.h">
      <Filter>Snes</Filter>
    </ClInclude>
    <ClInclude Include="tracing.h">
      <Filter>Snes</Filter>
    </ClInclude>
    <ClInclude Include="snes\saveload.h">
      <Filter>Snes</Filter>
    </ClInclude>
    <ClInclude Include="glsl_shader.h">
      <Filter>Shader</Filter>
    </ClInclude>
    <ClInclude Include="..\third_party\gl_core\gl_core_3_1.h">
      <Filter>Shader</Filter>
    </ClInclude>
  </ItemGroup>
  <ItemGroup>
    <None Include="packages.config" />
  </ItemGroup>
</Project>